// !$*UTF8*$!
{
	archiveVersion = 1;
	classes = {
	};
	objectVersion = 51;
	objects = {

/* Begin PBXBuildFile section */
		7324EF6B2509C0FA00FC42E7 /* Inicios.swift in Sources */ = {isa = PBXBuildFile; fileRef = 7324EF6A2509C0FA00FC42E7 /* Inicios.swift */; };
		7324EF6D2509C15F00FC42E7 /* Registro.swift in Sources */ = {isa = PBXBuildFile; fileRef = 7324EF6C2509C15F00FC42E7 /* Registro.swift */; };
		7324EF6F2509C19D00FC42E7 /* AnunciosIng.swift in Sources */ = {isa = PBXBuildFile; fileRef = 7324EF6E2509C19D00FC42E7 /* AnunciosIng.swift */; };
		7324EF712509C20100FC42E7 /* Perfil.swift in Sources */ = {isa = PBXBuildFile; fileRef = 7324EF702509C20100FC42E7 /* Perfil.swift */; };
		7324EF732509C24400FC42E7 /* Suscripciones.swift in Sources */ = {isa = PBXBuildFile; fileRef = 7324EF722509C24400FC42E7 /* Suscripciones.swift */; };
		7359CA4425101A92008D14FD /* Mensajes.swift in Sources */ = {isa = PBXBuildFile; fileRef = 7359CA4325101A92008D14FD /* Mensajes.swift */; };
		7359CA4625102F8D008D14FD /* NuevoMensaje.swift in Sources */ = {isa = PBXBuildFile; fileRef = 7359CA4525102F8D008D14FD /* NuevoMensaje.swift */; };
		738FB3C42509BBA20077A1B9 /* AppDelegate.swift in Sources */ = {isa = PBXBuildFile; fileRef = 738FB3C32509BBA20077A1B9 /* AppDelegate.swift */; };
		738FB3C62509BBA20077A1B9 /* SceneDelegate.swift in Sources */ = {isa = PBXBuildFile; fileRef = 738FB3C52509BBA20077A1B9 /* SceneDelegate.swift */; };
		738FB3C82509BBA20077A1B9 /* ContentView.swift in Sources */ = {isa = PBXBuildFile; fileRef = 738FB3C72509BBA20077A1B9 /* ContentView.swift */; };
		738FB3CA2509BBA30077A1B9 /* Assets.xcassets in Resources */ = {isa = PBXBuildFile; fileRef = 738FB3C92509BBA30077A1B9 /* Assets.xcassets */; };
		738FB3CD2509BBA30077A1B9 /* Preview Assets.xcassets in Resources */ = {isa = PBXBuildFile; fileRef = 738FB3CC2509BBA30077A1B9 /* Preview Assets.xcassets */; };
		738FB3D02509BBA30077A1B9 /* LaunchScreen.storyboard in Resources */ = {isa = PBXBuildFile; fileRef = 738FB3CE2509BBA30077A1B9 /* LaunchScreen.storyboard */; };
		738FB3D82509BDD60077A1B9 /* GoogleService-Info.plist in Resources */ = {isa = PBXBuildFile; fileRef = 738FB3D72509BDD60077A1B9 /* GoogleService-Info.plist */; };
		73C3D5FD25154A1800BEFF3A /* Conversacion.swift in Sources */ = {isa = PBXBuildFile; fileRef = 73C3D5FC25154A1800BEFF3A /* Conversacion.swift */; };
		73C3D600251D505500BEFF3A /* ModeloMensajes.swift in Sources */ = {isa = PBXBuildFile; fileRef = 73C3D5FF251D505500BEFF3A /* ModeloMensajes.swift */; };
		D9927BC43E84973E4215B242 /* Pods_UMGAPPIOS.framework in Frameworks */ = {isa = PBXBuildFile; fileRef = 32E6CCCD523C3C11043CA708 /* Pods_UMGAPPIOS.framework */; };
/* End PBXBuildFile section */

/* Begin PBXFileReference section */
		32E6CCCD523C3C11043CA708 /* Pods_UMGAPPIOS.framework */ = {isa = PBXFileReference; explicitFileType = wrapper.framework; includeInIndex = 0; path = Pods_UMGAPPIOS.framework; sourceTree = BUILT_PRODUCTS_DIR; };
		7324EF6A2509C0FA00FC42E7 /* Inicios.swift */ = {isa = PBXFileReference; lastKnownFileType = sourcecode.swift; path = Inicios.swift; sourceTree = "<group>"; };
		7324EF6C2509C15F00FC42E7 /* Registro.swift */ = {isa = PBXFileReference; lastKnownFileType = sourcecode.swift; path = Registro.swift; sourceTree = "<group>"; };
		7324EF6E2509C19D00FC42E7 /* AnunciosIng.swift */ = {isa = PBXFileReference; lastKnownFileType = sourcecode.swift; path = AnunciosIng.swift; sourceTree = "<group>"; };
		7324EF702509C20100FC42E7 /* Perfil.swift */ = {isa = PBXFileReference; lastKnownFileType = sourcecode.swift; path = Perfil.swift; sourceTree = "<group>"; };
		7324EF722509C24400FC42E7 /* Suscripciones.swift */ = {isa = PBXFileReference; lastKnownFileType = sourcecode.swift; path = Suscripciones.swift; sourceTree = "<group>"; };
		7359CA4325101A92008D14FD /* Mensajes.swift */ = {isa = PBXFileReference; lastKnownFileType = sourcecode.swift; path = Mensajes.swift; sourceTree = "<group>"; };
		7359CA4525102F8D008D14FD /* NuevoMensaje.swift */ = {isa = PBXFileReference; lastKnownFileType = sourcecode.swift; path = NuevoMensaje.swift; sourceTree = "<group>"; };
		738FB3C02509BBA20077A1B9 /* ING-UMG.app */ = {isa = PBXFileReference; explicitFileType = wrapper.application; includeInIndex = 0; path = "ING-UMG.app"; sourceTree = BUILT_PRODUCTS_DIR; };
		738FB3C32509BBA20077A1B9 /* AppDelegate.swift */ = {isa = PBXFileReference; lastKnownFileType = sourcecode.swift; path = AppDelegate.swift; sourceTree = "<group>"; };
		738FB3C52509BBA20077A1B9 /* SceneDelegate.swift */ = {isa = PBXFileReference; lastKnownFileType = sourcecode.swift; path = SceneDelegate.swift; sourceTree = "<group>"; };
		738FB3C72509BBA20077A1B9 /* ContentView.swift */ = {isa = PBXFileReference; lastKnownFileType = sourcecode.swift; path = ContentView.swift; sourceTree = "<group>"; };
		738FB3C92509BBA30077A1B9 /* Assets.xcassets */ = {isa = PBXFileReference; lastKnownFileType = folder.assetcatalog; path = Assets.xcassets; sourceTree = "<group>"; };
		738FB3CC2509BBA30077A1B9 /* Preview Assets.xcassets */ = {isa = PBXFileReference; lastKnownFileType = folder.assetcatalog; path = "Preview Assets.xcassets"; sourceTree = "<group>"; };
		738FB3CF2509BBA30077A1B9 /* Base */ = {isa = PBXFileReference; lastKnownFileType = file.storyboard; name = Base; path = Base.lproj/LaunchScreen.storyboard; sourceTree = "<group>"; };
		738FB3D12509BBA30077A1B9 /* Info.plist */ = {isa = PBXFileReference; lastKnownFileType = text.plist.xml; path = Info.plist; sourceTree = "<group>"; };
		738FB3D72509BDD60077A1B9 /* GoogleService-Info.plist */ = {isa = PBXFileReference; fileEncoding = 4; lastKnownFileType = text.plist.xml; path = "GoogleService-Info.plist"; sourceTree = "<group>"; };
		73C3D5FC25154A1800BEFF3A /* Conversacion.swift */ = {isa = PBXFileReference; lastKnownFileType = sourcecode.swift; path = Conversacion.swift; sourceTree = "<group>"; };
		73C3D5FF251D505500BEFF3A /* ModeloMensajes.swift */ = {isa = PBXFileReference; lastKnownFileType = sourcecode.swift; path = ModeloMensajes.swift; sourceTree = "<group>"; };
		E2124F84A2A43A33B6688BB4 /* Pods-UMGAPPIOS.release.xcconfig */ = {isa = PBXFileReference; includeInIndex = 1; lastKnownFileType = text.xcconfig; name = "Pods-UMGAPPIOS.release.xcconfig"; path = "Target Support Files/Pods-UMGAPPIOS/Pods-UMGAPPIOS.release.xcconfig"; sourceTree = "<group>"; };
		FA018C0324B5B5531BCEFFA9 /* Pods-UMGAPPIOS.debug.xcconfig */ = {isa = PBXFileReference; includeInIndex = 1; lastKnownFileType = text.xcconfig; name = "Pods-UMGAPPIOS.debug.xcconfig"; path = "Target Support Files/Pods-UMGAPPIOS/Pods-UMGAPPIOS.debug.xcconfig"; sourceTree = "<group>"; };
/* End PBXFileReference section */

/* Begin PBXFrameworksBuildPhase section */
		738FB3BD2509BBA20077A1B9 /* Frameworks */ = {
			isa = PBXFrameworksBuildPhase;
			buildActionMask = 2147483647;
			files = (
				D9927BC43E84973E4215B242 /* Pods_UMGAPPIOS.framework in Frameworks */,
			);
			runOnlyForDeploymentPostprocessing = 0;
		};
/* End PBXFrameworksBuildPhase section */

/* Begin PBXGroup section */
		6DC4701D618AEA8C2427411E /* Pods */ = {
			isa = PBXGroup;
			children = (
				FA018C0324B5B5531BCEFFA9 /* Pods-UMGAPPIOS.debug.xcconfig */,
				E2124F84A2A43A33B6688BB4 /* Pods-UMGAPPIOS.release.xcconfig */,
			);
			path = Pods;
			sourceTree = "<group>";
		};
		70C514C8AD821DDAA487A71B /* Frameworks */ = {
			isa = PBXGroup;
			children = (
				32E6CCCD523C3C11043CA708 /* Pods_UMGAPPIOS.framework */,
			);
			name = Frameworks;
			sourceTree = "<group>";
		};
		738FB3B72509BBA20077A1B9 = {
			isa = PBXGroup;
			children = (
				738FB3C22509BBA20077A1B9 /* UMGAPPIOS */,
				738FB3C12509BBA20077A1B9 /* Products */,
				6DC4701D618AEA8C2427411E /* Pods */,
				70C514C8AD821DDAA487A71B /* Frameworks */,
			);
			sourceTree = "<group>";
		};
		738FB3C12509BBA20077A1B9 /* Products */ = {
			isa = PBXGroup;
			children = (
				738FB3C02509BBA20077A1B9 /* ING-UMG.app */,
			);
			name = Products;
			sourceTree = "<group>";
		};
		738FB3C22509BBA20077A1B9 /* UMGAPPIOS */ = {
			isa = PBXGroup;
			children = (
				738FB3C32509BBA20077A1B9 /* AppDelegate.swift */,
				738FB3C52509BBA20077A1B9 /* SceneDelegate.swift */,
				738FB3C72509BBA20077A1B9 /* ContentView.swift */,
				738FB3C92509BBA30077A1B9 /* Assets.xcassets */,
				738FB3CE2509BBA30077A1B9 /* LaunchScreen.storyboard */,
				738FB3D12509BBA30077A1B9 /* Info.plist */,
				738FB3D72509BDD60077A1B9 /* GoogleService-Info.plist */,
				738FB3CB2509BBA30077A1B9 /* Preview Content */,
				7324EF6A2509C0FA00FC42E7 /* Inicios.swift */,
				7324EF6C2509C15F00FC42E7 /* Registro.swift */,
				7324EF6E2509C19D00FC42E7 /* AnunciosIng.swift */,
				7324EF702509C20100FC42E7 /* Perfil.swift */,
				7324EF722509C24400FC42E7 /* Suscripciones.swift */,
				7359CA4325101A92008D14FD /* Mensajes.swift */,
				7359CA4525102F8D008D14FD /* NuevoMensaje.swift */,
				73C3D5FC25154A1800BEFF3A /* Conversacion.swift */,
				73C3D5FF251D505500BEFF3A /* ModeloMensajes.swift */,
			);
			path = UMGAPPIOS;
			sourceTree = "<group>";
		};
		738FB3CB2509BBA30077A1B9 /* Preview Content */ = {
			isa = PBXGroup;
			children = (
				738FB3CC2509BBA30077A1B9 /* Preview Assets.xcassets */,
			);
			path = "Preview Content";
			sourceTree = "<group>";
		};
/* End PBXGroup section */

/* Begin PBXNativeTarget section */
		738FB3BF2509BBA20077A1B9 /* UMGAPPIOS */ = {
			isa = PBXNativeTarget;
			buildConfigurationList = 738FB3D42509BBA30077A1B9 /* Build configuration list for PBXNativeTarget "UMGAPPIOS" */;
			buildPhases = (
				1C2408542370F669941BDBFE /* [CP] Check Pods Manifest.lock */,
				738FB3BC2509BBA20077A1B9 /* Sources */,
				738FB3BD2509BBA20077A1B9 /* Frameworks */,
				738FB3BE2509BBA20077A1B9 /* Resources */,
				5D2D4A0B45284E7E84F2F404 /* [CP] Embed Pods Frameworks */,
			);
			buildRules = (
			);
			dependencies = (
			);
			name = UMGAPPIOS;
			packageProductDependencies = (
			);
			productName = UMGAPPIOS;
			productReference = 738FB3C02509BBA20077A1B9 /* ING-UMG.app */;
			productType = "com.apple.product-type.application";
		};
/* End PBXNativeTarget section */

/* Begin PBXProject section */
		738FB3B82509BBA20077A1B9 /* Project object */ = {
			isa = PBXProject;
			attributes = {
				LastSwiftUpdateCheck = 1170;
				LastUpgradeCheck = 1170;
				ORGANIZATIONNAME = "Administrador SSIN3";
				TargetAttributes = {
					738FB3BF2509BBA20077A1B9 = {
						CreatedOnToolsVersion = 11.7;
					};
				};
			};
			buildConfigurationList = 738FB3BB2509BBA20077A1B9 /* Build configuration list for PBXProject "UMGAPPIOS" */;
			compatibilityVersion = "Xcode 9.3";
			developmentRegion = en;
			hasScannedForEncodings = 0;
			knownRegions = (
				en,
				Base,
			);
			mainGroup = 738FB3B72509BBA20077A1B9;
			packageReferences = (
			);
			productRefGroup = 738FB3C12509BBA20077A1B9 /* Products */;
			projectDirPath = "";
			projectRoot = "";
			targets = (
				738FB3BF2509BBA20077A1B9 /* UMGAPPIOS */,
			);
		};
/* End PBXProject section */

/* Begin PBXResourcesBuildPhase section */
		738FB3BE2509BBA20077A1B9 /* Resources */ = {
			isa = PBXResourcesBuildPhase;
			buildActionMask = 2147483647;
			files = (
				738FB3D02509BBA30077A1B9 /* LaunchScreen.storyboard in Resources */,
				738FB3CD2509BBA30077A1B9 /* Preview Assets.xcassets in Resources */,
				738FB3D82509BDD60077A1B9 /* GoogleService-Info.plist in Resources */,
				738FB3CA2509BBA30077A1B9 /* Assets.xcassets in Resources */,
			);
			runOnlyForDeploymentPostprocessing = 0;
		};
/* End PBXResourcesBuildPhase section */

/* Begin PBXShellScriptBuildPhase section */
		1C2408542370F669941BDBFE /* [CP] Check Pods Manifest.lock */ = {
			isa = PBXShellScriptBuildPhase;
			buildActionMask = 2147483647;
			files = (
			);
			inputFileListPaths = (
			);
			inputPaths = (
				"${PODS_PODFILE_DIR_PATH}/Podfile.lock",
				"${PODS_ROOT}/Manifest.lock",
			);
			name = "[CP] Check Pods Manifest.lock";
			outputFileListPaths = (
			);
			outputPaths = (
				"$(DERIVED_FILE_DIR)/Pods-UMGAPPIOS-checkManifestLockResult.txt",
			);
			runOnlyForDeploymentPostprocessing = 0;
			shellPath = /bin/sh;
			shellScript = "diff \"${PODS_PODFILE_DIR_PATH}/Podfile.lock\" \"${PODS_ROOT}/Manifest.lock\" > /dev/null\nif [ $? != 0 ] ; then\n    # print error to STDERR\n    echo \"error: The sandbox is not in sync with the Podfile.lock. Run 'pod install' or update your CocoaPods installation.\" >&2\n    exit 1\nfi\n# This output is used by Xcode 'outputs' to avoid re-running this script phase.\necho \"SUCCESS\" > \"${SCRIPT_OUTPUT_FILE_0}\"\n";
			showEnvVarsInLog = 0;
		};
		5D2D4A0B45284E7E84F2F404 /* [CP] Embed Pods Frameworks */ = {
			isa = PBXShellScriptBuildPhase;
			buildActionMask = 2147483647;
			files = (
			);
			inputFileListPaths = (
				"${PODS_ROOT}/Target Support Files/Pods-UMGAPPIOS/Pods-UMGAPPIOS-frameworks-${CONFIGURATION}-input-files.xcfilelist",
			);
			name = "[CP] Embed Pods Frameworks";
			outputFileListPaths = (
				"${PODS_ROOT}/Target Support Files/Pods-UMGAPPIOS/Pods-UMGAPPIOS-frameworks-${CONFIGURATION}-output-files.xcfilelist",
			);
			runOnlyForDeploymentPostprocessing = 0;
			shellPath = /bin/sh;
			shellScript = "\"${PODS_ROOT}/Target Support Files/Pods-UMGAPPIOS/Pods-UMGAPPIOS-frameworks.sh\"\n";
			showEnvVarsInLog = 0;
		};
/* End PBXShellScriptBuildPhase section */

/* Begin PBXSourcesBuildPhase section */
		738FB3BC2509BBA20077A1B9 /* Sources */ = {
			isa = PBXSourcesBuildPhase;
			buildActionMask = 2147483647;
			files = (
				7324EF732509C24400FC42E7 /* Suscripciones.swift in Sources */,
				738FB3C42509BBA20077A1B9 /* AppDelegate.swift in Sources */,
				7324EF712509C20100FC42E7 /* Perfil.swift in Sources */,
				7359CA4425101A92008D14FD /* Mensajes.swift in Sources */,
				7324EF6D2509C15F00FC42E7 /* Registro.swift in Sources */,
				738FB3C62509BBA20077A1B9 /* SceneDelegate.swift in Sources */,
				7324EF6B2509C0FA00FC42E7 /* Inicios.swift in Sources */,
				7324EF6F2509C19D00FC42E7 /* AnunciosIng.swift in Sources */,
				738FB3C82509BBA20077A1B9 /* ContentView.swift in Sources */,
				73C3D600251D505500BEFF3A /* ModeloMensajes.swift in Sources */,
				7359CA4625102F8D008D14FD /* NuevoMensaje.swift in Sources */,
				73C3D5FD25154A1800BEFF3A /* Conversacion.swift in Sources */,
			);
			runOnlyForDeploymentPostprocessing = 0;
		};
/* End PBXSourcesBuildPhase section */

/* Begin PBXVariantGroup section */
		738FB3CE2509BBA30077A1B9 /* LaunchScreen.storyboard */ = {
			isa = PBXVariantGroup;
			children = (
				738FB3CF2509BBA30077A1B9 /* Base */,
			);
			name = LaunchScreen.storyboard;
			sourceTree = "<group>";
		};
/* End PBXVariantGroup section */

/* Begin XCBuildConfiguration section */
		738FB3D22509BBA30077A1B9 /* Debug */ = {
			isa = XCBuildConfiguration;
			buildSettings = {
				ALWAYS_SEARCH_USER_PATHS = NO;
				CLANG_ANALYZER_NONNULL = YES;
				CLANG_ANALYZER_NUMBER_OBJECT_CONVERSION = YES_AGGRESSIVE;
				CLANG_CXX_LANGUAGE_STANDARD = "gnu++14";
				CLANG_CXX_LIBRARY = "libc++";
				CLANG_ENABLE_MODULES = YES;
				CLANG_ENABLE_OBJC_ARC = YES;
				CLANG_ENABLE_OBJC_WEAK = YES;
				CLANG_WARN_BLOCK_CAPTURE_AUTORELEASING = YES;
				CLANG_WARN_BOOL_CONVERSION = YES;
				CLANG_WARN_COMMA = YES;
				CLANG_WARN_CONSTANT_CONVERSION = YES;
				CLANG_WARN_DEPRECATED_OBJC_IMPLEMENTATIONS = YES;
				CLANG_WARN_DIRECT_OBJC_ISA_USAGE = YES_ERROR;
				CLANG_WARN_DOCUMENTATION_COMMENTS = YES;
				CLANG_WARN_EMPTY_BODY = YES;
				CLANG_WARN_ENUM_CONVERSION = YES;
				CLANG_WARN_INFINITE_RECURSION = YES;
				CLANG_WARN_INT_CONVERSION = YES;
				CLANG_WARN_NON_LITERAL_NULL_CONVERSION = YES;
				CLANG_WARN_OBJC_IMPLICIT_RETAIN_SELF = YES;
				CLANG_WARN_OBJC_LITERAL_CONVERSION = YES;
				CLANG_WARN_OBJC_ROOT_CLASS = YES_ERROR;
				CLANG_WARN_RANGE_LOOP_ANALYSIS = YES;
				CLANG_WARN_STRICT_PROTOTYPES = YES;
				CLANG_WARN_SUSPICIOUS_MOVE = YES;
				CLANG_WARN_UNGUARDED_AVAILABILITY = YES_AGGRESSIVE;
				CLANG_WARN_UNREACHABLE_CODE = YES;
				CLANG_WARN__DUPLICATE_METHOD_MATCH = YES;
				COPY_PHASE_STRIP = NO;
				DEBUG_INFORMATION_FORMAT = dwarf;
				ENABLE_STRICT_OBJC_MSGSEND = YES;
				ENABLE_TESTABILITY = YES;
				GCC_C_LANGUAGE_STANDARD = gnu11;
				GCC_DYNAMIC_NO_PIC = NO;
				GCC_NO_COMMON_BLOCKS = YES;
				GCC_OPTIMIZATION_LEVEL = 0;
				GCC_PREPROCESSOR_DEFINITIONS = (
					"DEBUG=1",
					"$(inherited)",
				);
				GCC_WARN_64_TO_32_BIT_CONVERSION = YES;
				GCC_WARN_ABOUT_RETURN_TYPE = YES_ERROR;
				GCC_WARN_UNDECLARED_SELECTOR = YES;
				GCC_WARN_UNINITIALIZED_AUTOS = YES_AGGRESSIVE;
				GCC_WARN_UNUSED_FUNCTION = YES;
				GCC_WARN_UNUSED_VARIABLE = YES;
				IPHONEOS_DEPLOYMENT_TARGET = 14.0;
				MTL_ENABLE_DEBUG_INFO = INCLUDE_SOURCE;
				MTL_FAST_MATH = YES;
				ONLY_ACTIVE_ARCH = YES;
				SDKROOT = iphoneos;
				SWIFT_ACTIVE_COMPILATION_CONDITIONS = DEBUG;
				SWIFT_OPTIMIZATION_LEVEL = "-Onone";
			};
			name = Debug;
		};
		738FB3D32509BBA30077A1B9 /* Release */ = {
			isa = XCBuildConfiguration;
			buildSettings = {
				ALWAYS_SEARCH_USER_PATHS = NO;
				CLANG_ANALYZER_NONNULL = YES;
				CLANG_ANALYZER_NUMBER_OBJECT_CONVERSION = YES_AGGRESSIVE;
				CLANG_CXX_LANGUAGE_STANDARD = "gnu++14";
				CLANG_CXX_LIBRARY = "libc++";
				CLANG_ENABLE_MODULES = YES;
				CLANG_ENABLE_OBJC_ARC = YES;
				CLANG_ENABLE_OBJC_WEAK = YES;
				CLANG_WARN_BLOCK_CAPTURE_AUTORELEASING = YES;
				CLANG_WARN_BOOL_CONVERSION = YES;
				CLANG_WARN_COMMA = YES;
				CLANG_WARN_CONSTANT_CONVERSION = YES;
				CLANG_WARN_DEPRECATED_OBJC_IMPLEMENTATIONS = YES;
				CLANG_WARN_DIRECT_OBJC_ISA_USAGE = YES_ERROR;
				CLANG_WARN_DOCUMENTATION_COMMENTS = YES;
				CLANG_WARN_EMPTY_BODY = YES;
				CLANG_WARN_ENUM_CONVERSION = YES;
				CLANG_WARN_INFINITE_RECURSION = YES;
				CLANG_WARN_INT_CONVERSION = YES;
				CLANG_WARN_NON_LITERAL_NULL_CONVERSION = YES;
				CLANG_WARN_OBJC_IMPLICIT_RETAIN_SELF = YES;
				CLANG_WARN_OBJC_LITERAL_CONVERSION = YES;
				CLANG_WARN_OBJC_ROOT_CLASS = YES_ERROR;
				CLANG_WARN_RANGE_LOOP_ANALYSIS = YES;
				CLANG_WARN_STRICT_PROTOTYPES = YES;
				CLANG_WARN_SUSPICIOUS_MOVE = YES;
				CLANG_WARN_UNGUARDED_AVAILABILITY = YES_AGGRESSIVE;
				CLANG_WARN_UNREACHABLE_CODE = YES;
				CLANG_WARN__DUPLICATE_METHOD_MATCH = YES;
				COPY_PHASE_STRIP = NO;
				DEBUG_INFORMATION_FORMAT = "dwarf-with-dsym";
				ENABLE_NS_ASSERTIONS = NO;
				ENABLE_STRICT_OBJC_MSGSEND = YES;
				GCC_C_LANGUAGE_STANDARD = gnu11;
				GCC_NO_COMMON_BLOCKS = YES;
				GCC_WARN_64_TO_32_BIT_CONVERSION = YES;
				GCC_WARN_ABOUT_RETURN_TYPE = YES_ERROR;
				GCC_WARN_UNDECLARED_SELECTOR = YES;
				GCC_WARN_UNINITIALIZED_AUTOS = YES_AGGRESSIVE;
				GCC_WARN_UNUSED_FUNCTION = YES;
				GCC_WARN_UNUSED_VARIABLE = YES;
				IPHONEOS_DEPLOYMENT_TARGET = 14.0;
				MTL_ENABLE_DEBUG_INFO = NO;
				MTL_FAST_MATH = YES;
				SDKROOT = iphoneos;
				SWIFT_COMPILATION_MODE = wholemodule;
				SWIFT_OPTIMIZATION_LEVEL = "-O";
				VALIDATE_PRODUCT = YES;
			};
			name = Release;
		};
		738FB3D52509BBA30077A1B9 /* Debug */ = {
			isa = XCBuildConfiguration;
			baseConfigurationReference = FA018C0324B5B5531BCEFFA9 /* Pods-UMGAPPIOS.debug.xcconfig */;
			buildSettings = {
				ASSETCATALOG_COMPILER_APPICON_NAME = AppIcon;
				CODE_SIGN_IDENTITY = "Apple Development";
				CODE_SIGN_STYLE = Automatic;
				DEVELOPMENT_ASSET_PATHS = "\"UMGAPPIOS/Preview Content\"";
				DEVELOPMENT_TEAM = WVS47CJ8F8;
				ENABLE_PREVIEWS = YES;
				INFOPLIST_FILE = UMGAPPIOS/Info.plist;
				LD_RUNPATH_SEARCH_PATHS = (
					"$(inherited)",
					"@executable_path/Frameworks",
				);
				PRODUCT_BUNDLE_IDENTIFIER = UMG.UMGAPPIOS;
				PRODUCT_NAME = "ING-UMG";
				PROVISIONING_PROFILE_SPECIFIER = "";
				SWIFT_VERSION = 5.0;
				TARGETED_DEVICE_FAMILY = "1,2";
			};
			name = Debug;
		};
		738FB3D62509BBA30077A1B9 /* Release */ = {
			isa = XCBuildConfiguration;
			baseConfigurationReference = E2124F84A2A43A33B6688BB4 /* Pods-UMGAPPIOS.release.xcconfig */;
			buildSettings = {
				ASSETCATALOG_COMPILER_APPICON_NAME = AppIcon;
				CODE_SIGN_IDENTITY = "Apple Development";
				CODE_SIGN_STYLE = Automatic;
				DEVELOPMENT_ASSET_PATHS = "\"UMGAPPIOS/Preview Content\"";
				DEVELOPMENT_TEAM = WVS47CJ8F8;
				ENABLE_PREVIEWS = YES;
				INFOPLIST_FILE = UMGAPPIOS/Info.plist;
				LD_RUNPATH_SEARCH_PATHS = (
					"$(inherited)",
					"@executable_path/Frameworks",
				);
				PRODUCT_BUNDLE_IDENTIFIER = UMG.UMGAPPIOS;
				PRODUCT_NAME = "ING-UMG";
				PROVISIONING_PROFILE_SPECIFIER = "";
				SWIFT_VERSION = 5.0;
				TARGETED_DEVICE_FAMILY = "1,2";
			};
			name = Release;
		};
/* End XCBuildConfiguration section */

/* Begin XCConfigurationList section */
		738FB3BB2509BBA20077A1B9 /* Build configuration list for PBXProject "UMGAPPIOS" */ = {
			isa = XCConfigurationList;
			buildConfigurations = (
				738FB3D22509BBA30077A1B9 /* Debug */,
				738FB3D32509BBA30077A1B9 /* Release */,
			);
			defaultConfigurationIsVisible = 0;
			defaultConfigurationName = Release;
		};
		738FB3D42509BBA30077A1B9 /* Build configuration list for PBXNativeTarget "UMGAPPIOS" */ = {
			isa = XCConfigurationList;
			buildConfigurations = (
				738FB3D52509BBA30077A1B9 /* Debug */,
				738FB3D62509BBA30077A1B9 /* Release */,
			);
			defaultConfigurationIsVisible = 0;
			defaultConfigurationName = Release;
		};
/* End XCConfigurationList section */
	};
	rootObject = 738FB3B82509BBA20077A1B9 /* Project object */;
}
